
Microsoft Visual Studio Solution File, Format Version 12.00
# Visual Studio Version 17
VisualStudioVersion = 17.8.34330.188
MinimumVisualStudioVersion = 10.0.40219.1
Project("{9A19103F-16F7-4668-BE54-9A1E7A4F7556}") = "WinForms_1", "WinForms_1\WinForms_1.csproj", "{3CAF0CFF-4DCA-46A9-A42A-C83E5A71C5CD}"
EndProject
Project("{FAE04EC0-301F-11D3-BF4B-00C04F79EFBC}") = "WinForms_2", "WinForm2_2\WinForms_2.csproj", "{2D203AFE-829E-4388-A599-33BC5ED6D040}"
EndProject
Global
	GlobalSection(SolutionConfigurationPlatforms) = preSolution
		Debug|Any CPU = Debug|Any CPU
		Release|Any CPU = Release|Any CPU
	EndGlobalSection
	GlobalSection(ProjectConfigurationPlatforms) = postSolution
		{3CAF0CFF-4DCA-46A9-A42A-C83E5A71C5CD}.Debug|Any CPU.ActiveCfg = Debug|Any CPU
		{3CAF0CFF-4DCA-46A9-A42A-C83E5A71C5CD}.Debug|Any CPU.Build.0 = Debug|Any CPU
		{3CAF0CFF-4DCA-46A9-A42A-C83E5A71C5CD}.Release|Any CPU.ActiveCfg = Release|Any CPU
		{3CAF0CFF-4DCA-46A9-A42A-C83E5A71C5CD}.Release|Any CPU.Build.0 = Release|Any CPU
		{2D203AFE-829E-4388-A599-33BC5ED6D040}.Debug|Any CPU.ActiveCfg = Debug|Any CPU
		{2D203AFE-829E-4388-A599-33BC5ED6D040}.Debug|Any CPU.Build.0 = Debug|Any CPU
		{2D203AFE-829E-4388-A599-33BC5ED6D040}.Release|Any CPU.ActiveCfg = Release|Any CPU
		{2D203AFE-829E-4388-A599-33BC5ED6D040}.Release|Any CPU.Build.0 = Release|Any CPU
	EndGlobalSection
	GlobalSection(SolutionProperties) = preSolution
		HideSolutionNode = FALSE
	EndGlobalSection
	GlobalSection(ExtensibilityGlobals) = postSolution
		SolutionGuid = {2E21F402-2F4D-4D73-994E-B7329177A2A8}
	EndGlobalSection
EndGlobal
