
Microsoft Visual Studio Solution File, Format Version 12.00
# Visual Studio Version 17
VisualStudioVersion = 17.8.34330.188
MinimumVisualStudioVersion = 10.0.40219.1
Project("{9A19103F-16F7-4668-BE54-9A1E7A4F7556}") = "01_Algoritma", "01_Algoritma\01_Algoritma.csproj", "{4F0BD72B-04C4-4844-8D52-837E8C806396}"
EndProject
Project("{9A19103F-16F7-4668-BE54-9A1E7A4F7556}") = "02_Degisken_Veritipleri", "02_Degisken_Veritipleri\02_Degisken_Veritipleri.csproj", "{5CA25D0C-9B14-459F-AE33-8CA2B98947B9}"
EndProject
Project("{9A19103F-16F7-4668-BE54-9A1E7A4F7556}") = "03_Operatorler", "03_Operatorler,\03_Operatorler.csproj", "{CA9D7C5F-2A16-4F84-9D92-77E2024B668C}"
EndProject
Project("{9A19103F-16F7-4668-BE54-9A1E7A4F7556}") = "04_TurDonusumleri", "04_TurDonusumleri\04_TurDonusumleri.csproj", "{0A00B5AB-8246-4EBB-80C6-80467AE57D3D}"
EndProject
Project("{9A19103F-16F7-4668-BE54-9A1E7A4F7556}") = "05_If_ElseIf_Else_1", "05_If_ElseIf_Else_1\05_If_ElseIf_Else_1.csproj", "{DB44FADA-ABBA-4540-B498-BDAD9125F30F}"
EndProject
Project("{9A19103F-16F7-4668-BE54-9A1E7A4F7556}") = "06_Switch_Case", "06_Switch_Case\06_Switch_Case.csproj", "{5C772672-F203-49C4-AB69-815669260905}"
EndProject
Project("{9A19103F-16F7-4668-BE54-9A1E7A4F7556}") = "07_While_Loop", "07_While_Loop\07_While_Loop.csproj", "{BD7808C1-227C-4438-9D83-D6181B102497}"
EndProject
Project("{9A19103F-16F7-4668-BE54-9A1E7A4F7556}") = "07_For_Loop", "07_For_Loop\07_For_Loop.csproj", "{12B0B520-EBAA-4697-8430-DE30D4EE643A}"
EndProject
Project("{9A19103F-16F7-4668-BE54-9A1E7A4F7556}") = "07_DoWhile_Loop", "07_DoWhile_Loop\07_DoWhile_Loop.csproj", "{173EA3D7-8948-452A-A2C7-A7088511E465}"
EndProject
Project("{9A19103F-16F7-4668-BE54-9A1E7A4F7556}") = "08_Try_Catch", "08_Try_Catch\08_Try_Catch.csproj", "{13ACE524-5AAA-4B47-B35F-6852A7EFB56C}"
EndProject
Project("{9A19103F-16F7-4668-BE54-9A1E7A4F7556}") = "09_Bankamatik", "09_Bankamatik\09_Bankamatik.csproj", "{4D37B164-2BD3-4C05-BCE2-6BBAFB2D003C}"
EndProject
Project("{9A19103F-16F7-4668-BE54-9A1E7A4F7556}") = "10_Arrays", "10_Arrays\10_Arrays.csproj", "{9ACD3248-888D-4D34-8643-0279336D6E92}"
EndProject
Project("{9A19103F-16F7-4668-BE54-9A1E7A4F7556}") = "11_Otomat_Makinesi", "11_Otomat_Makinesi\11_Otomat_Makinesi.csproj", "{C270D2A6-0415-4621-B1BC-8E6E6FAC966B}"
EndProject
Project("{9A19103F-16F7-4668-BE54-9A1E7A4F7556}") = "12_Methods", "12_Methods\12_Methods.csproj", "{055D971B-FBFD-4452-87A7-AAB46FE8E31A}"
EndProject
Project("{9A19103F-16F7-4668-BE54-9A1E7A4F7556}") = "12_Methods_1", "12_Methods_1\12_Methods_1.csproj", "{FF6204D9-0597-4F5C-84EF-B6BD768F5E4A}"
EndProject
Project("{9A19103F-16F7-4668-BE54-9A1E7A4F7556}") = "12_Methods_2", "12_Methods_2\12_Methods_2.csproj", "{77052B03-1872-4E9F-A3E8-AC96BC82061E}"
EndProject
Project("{9A19103F-16F7-4668-BE54-9A1E7A4F7556}") = "12_Methods_3_Overload", "12_Methods_3_Overload\12_Methods_3_Overload.csproj", "{216B4DF0-0DD1-4E19-BBFC-9BAE89CB22E1}"
EndProject
Project("{9A19103F-16F7-4668-BE54-9A1E7A4F7556}") = "12_Methods_4", "12_Methods_4\12_Methods_4.csproj", "{22D8C2C3-C6BA-4573-9240-407EF7BF6390}"
EndProject
Project("{9A19103F-16F7-4668-BE54-9A1E7A4F7556}") = "12_Methods_5", "12_Methods_5\12_Methods_5.csproj", "{48811DF2-8AEE-4BB6-B260-41FA128E802E}"
EndProject
Project("{9A19103F-16F7-4668-BE54-9A1E7A4F7556}") = "12_Methods_6", "12_Methods_6\12_Methods_6.csproj", "{FE1EB1EE-9F0E-4766-B697-FE8F6BFA19D1}"
EndProject
Project("{9A19103F-16F7-4668-BE54-9A1E7A4F7556}") = "12_Methods_7_Struct", "12_Methods_7_Struct\12_Methods_7_Struct.csproj", "{E79B6106-1D63-4A74-BBF4-658EA67286E0}"
EndProject
Project("{9A19103F-16F7-4668-BE54-9A1E7A4F7556}") = "12_Methods_8_RecursiveMethod", "12_Methods_8_RecursiveMethod\12_Methods_8_RecursiveMethod.csproj", "{CA6A886A-7670-4C52-9794-AF00D47EC316}"
EndProject
Project("{9A19103F-16F7-4668-BE54-9A1E7A4F7556}") = "12_Methods_9_IsNull", "12_Methods_9_IsNull\12_Methods_9_IsNull.csproj", "{8B94B0D4-FA72-43C5-9670-48355905A752}"
EndProject
Project("{9A19103F-16F7-4668-BE54-9A1E7A4F7556}") = "13_ArrayList", "13_ArrayList\13_ArrayList.csproj", "{C97DB0CE-CE18-4CCF-8800-6ABCF60A266D}"
EndProject
Project("{9A19103F-16F7-4668-BE54-9A1E7A4F7556}") = "13_ArrayList_Proje", "13_ArrayList_Proje\13_ArrayList_Proje.csproj", "{2951A808-760E-406C-8BB7-543253C89DB0}"
EndProject
Project("{9A19103F-16F7-4668-BE54-9A1E7A4F7556}") = "14_SortedList_QueueList", "14_SortedList_QueueList\14_SortedList_QueueList.csproj", "{1593F16A-768B-43BF-A3AA-BE2AC39BB12E}"
EndProject
Project("{9A19103F-16F7-4668-BE54-9A1E7A4F7556}") = "15_List", "15_List\15_List.csproj", "{2408B3FF-2888-478C-9F2D-E00C2A93ADAB}"
EndProject
Project("{9A19103F-16F7-4668-BE54-9A1E7A4F7556}") = "16_OOP_1_this", "16_OOP_1_this\16_OOP_1_this.csproj", "{695100ED-2D9F-4C27-99A2-58E6C8AA9641}"
EndProject
Project("{9A19103F-16F7-4668-BE54-9A1E7A4F7556}") = "16_OOP_2_Constructor", "16_OOP_2_Constructor\16_OOP_2_Constructor.csproj", "{473A3688-7C4A-4A72-980A-6FCC75BCC51B}"
EndProject
Project("{9A19103F-16F7-4668-BE54-9A1E7A4F7556}") = "16_OOP_3_Encapsulation", "16_OOP_3_Encapsulation\16_OOP_3_Encapsulation.csproj", "{41E6DA14-19C3-493F-80BE-DE82076878D2}"
EndProject
Project("{9A19103F-16F7-4668-BE54-9A1E7A4F7556}") = "16_OOP_4_Inheritance_1", "16_OOP_4_Inheritance_1\16_OOP_4_Inheritance_1.csproj", "{FF09BC57-D0A9-4D39-80B0-9A2BA810B3C3}"
EndProject
Project("{9A19103F-16F7-4668-BE54-9A1E7A4F7556}") = "16_OOP_4_Inheritance_2", "16_OOP_4_Inheritance_2\16_OOP_4_Inheritance_2.csproj", "{2CC3A060-35B5-4D32-A87A-8ED80F4C96ED}"
EndProject
Project("{9A19103F-16F7-4668-BE54-9A1E7A4F7556}") = "RentACar", "..\..\..\Desktop\RentACar\RentACar\RentACar.csproj", "{0C1DA62C-7A1A-4A0E-B108-6A19D7415533}"
EndProject
Global
	GlobalSection(SolutionConfigurationPlatforms) = preSolution
		Debug|Any CPU = Debug|Any CPU
		Release|Any CPU = Release|Any CPU
	EndGlobalSection
	GlobalSection(ProjectConfigurationPlatforms) = postSolution
		{4F0BD72B-04C4-4844-8D52-837E8C806396}.Debug|Any CPU.ActiveCfg = Debug|Any CPU
		{4F0BD72B-04C4-4844-8D52-837E8C806396}.Debug|Any CPU.Build.0 = Debug|Any CPU
		{4F0BD72B-04C4-4844-8D52-837E8C806396}.Release|Any CPU.ActiveCfg = Release|Any CPU
		{4F0BD72B-04C4-4844-8D52-837E8C806396}.Release|Any CPU.Build.0 = Release|Any CPU
		{5CA25D0C-9B14-459F-AE33-8CA2B98947B9}.Debug|Any CPU.ActiveCfg = Debug|Any CPU
		{5CA25D0C-9B14-459F-AE33-8CA2B98947B9}.Debug|Any CPU.Build.0 = Debug|Any CPU
		{5CA25D0C-9B14-459F-AE33-8CA2B98947B9}.Release|Any CPU.ActiveCfg = Release|Any CPU
		{5CA25D0C-9B14-459F-AE33-8CA2B98947B9}.Release|Any CPU.Build.0 = Release|Any CPU
		{CA9D7C5F-2A16-4F84-9D92-77E2024B668C}.Debug|Any CPU.ActiveCfg = Debug|Any CPU
		{CA9D7C5F-2A16-4F84-9D92-77E2024B668C}.Debug|Any CPU.Build.0 = Debug|Any CPU
		{CA9D7C5F-2A16-4F84-9D92-77E2024B668C}.Release|Any CPU.ActiveCfg = Release|Any CPU
		{CA9D7C5F-2A16-4F84-9D92-77E2024B668C}.Release|Any CPU.Build.0 = Release|Any CPU
		{0A00B5AB-8246-4EBB-80C6-80467AE57D3D}.Debug|Any CPU.ActiveCfg = Debug|Any CPU
		{0A00B5AB-8246-4EBB-80C6-80467AE57D3D}.Debug|Any CPU.Build.0 = Debug|Any CPU
		{0A00B5AB-8246-4EBB-80C6-80467AE57D3D}.Release|Any CPU.ActiveCfg = Release|Any CPU
		{0A00B5AB-8246-4EBB-80C6-80467AE57D3D}.Release|Any CPU.Build.0 = Release|Any CPU
		{DB44FADA-ABBA-4540-B498-BDAD9125F30F}.Debug|Any CPU.ActiveCfg = Debug|Any CPU
		{DB44FADA-ABBA-4540-B498-BDAD9125F30F}.Debug|Any CPU.Build.0 = Debug|Any CPU
		{DB44FADA-ABBA-4540-B498-BDAD9125F30F}.Release|Any CPU.ActiveCfg = Release|Any CPU
		{DB44FADA-ABBA-4540-B498-BDAD9125F30F}.Release|Any CPU.Build.0 = Release|Any CPU
		{5C772672-F203-49C4-AB69-815669260905}.Debug|Any CPU.ActiveCfg = Debug|Any CPU
		{5C772672-F203-49C4-AB69-815669260905}.Debug|Any CPU.Build.0 = Debug|Any CPU
		{5C772672-F203-49C4-AB69-815669260905}.Release|Any CPU.ActiveCfg = Release|Any CPU
		{5C772672-F203-49C4-AB69-815669260905}.Release|Any CPU.Build.0 = Release|Any CPU
		{BD7808C1-227C-4438-9D83-D6181B102497}.Debug|Any CPU.ActiveCfg = Debug|Any CPU
		{BD7808C1-227C-4438-9D83-D6181B102497}.Debug|Any CPU.Build.0 = Debug|Any CPU
		{BD7808C1-227C-4438-9D83-D6181B102497}.Release|Any CPU.ActiveCfg = Release|Any CPU
		{BD7808C1-227C-4438-9D83-D6181B102497}.Release|Any CPU.Build.0 = Release|Any CPU
		{12B0B520-EBAA-4697-8430-DE30D4EE643A}.Debug|Any CPU.ActiveCfg = Debug|Any CPU
		{12B0B520-EBAA-4697-8430-DE30D4EE643A}.Debug|Any CPU.Build.0 = Debug|Any CPU
		{12B0B520-EBAA-4697-8430-DE30D4EE643A}.Release|Any CPU.ActiveCfg = Release|Any CPU
		{12B0B520-EBAA-4697-8430-DE30D4EE643A}.Release|Any CPU.Build.0 = Release|Any CPU
		{173EA3D7-8948-452A-A2C7-A7088511E465}.Debug|Any CPU.ActiveCfg = Debug|Any CPU
		{173EA3D7-8948-452A-A2C7-A7088511E465}.Debug|Any CPU.Build.0 = Debug|Any CPU
		{173EA3D7-8948-452A-A2C7-A7088511E465}.Release|Any CPU.ActiveCfg = Release|Any CPU
		{173EA3D7-8948-452A-A2C7-A7088511E465}.Release|Any CPU.Build.0 = Release|Any CPU
		{13ACE524-5AAA-4B47-B35F-6852A7EFB56C}.Debug|Any CPU.ActiveCfg = Debug|Any CPU
		{13ACE524-5AAA-4B47-B35F-6852A7EFB56C}.Debug|Any CPU.Build.0 = Debug|Any CPU
		{13ACE524-5AAA-4B47-B35F-6852A7EFB56C}.Release|Any CPU.ActiveCfg = Release|Any CPU
		{13ACE524-5AAA-4B47-B35F-6852A7EFB56C}.Release|Any CPU.Build.0 = Release|Any CPU
		{4D37B164-2BD3-4C05-BCE2-6BBAFB2D003C}.Debug|Any CPU.ActiveCfg = Debug|Any CPU
		{4D37B164-2BD3-4C05-BCE2-6BBAFB2D003C}.Debug|Any CPU.Build.0 = Debug|Any CPU
		{4D37B164-2BD3-4C05-BCE2-6BBAFB2D003C}.Release|Any CPU.ActiveCfg = Release|Any CPU
		{4D37B164-2BD3-4C05-BCE2-6BBAFB2D003C}.Release|Any CPU.Build.0 = Release|Any CPU
		{9ACD3248-888D-4D34-8643-0279336D6E92}.Debug|Any CPU.ActiveCfg = Debug|Any CPU
		{9ACD3248-888D-4D34-8643-0279336D6E92}.Debug|Any CPU.Build.0 = Debug|Any CPU
		{9ACD3248-888D-4D34-8643-0279336D6E92}.Release|Any CPU.ActiveCfg = Release|Any CPU
		{9ACD3248-888D-4D34-8643-0279336D6E92}.Release|Any CPU.Build.0 = Release|Any CPU
		{C270D2A6-0415-4621-B1BC-8E6E6FAC966B}.Debug|Any CPU.ActiveCfg = Debug|Any CPU
		{C270D2A6-0415-4621-B1BC-8E6E6FAC966B}.Debug|Any CPU.Build.0 = Debug|Any CPU
		{C270D2A6-0415-4621-B1BC-8E6E6FAC966B}.Release|Any CPU.ActiveCfg = Release|Any CPU
		{C270D2A6-0415-4621-B1BC-8E6E6FAC966B}.Release|Any CPU.Build.0 = Release|Any CPU
		{055D971B-FBFD-4452-87A7-AAB46FE8E31A}.Debug|Any CPU.ActiveCfg = Debug|Any CPU
		{055D971B-FBFD-4452-87A7-AAB46FE8E31A}.Debug|Any CPU.Build.0 = Debug|Any CPU
		{055D971B-FBFD-4452-87A7-AAB46FE8E31A}.Release|Any CPU.ActiveCfg = Release|Any CPU
		{055D971B-FBFD-4452-87A7-AAB46FE8E31A}.Release|Any CPU.Build.0 = Release|Any CPU
		{FF6204D9-0597-4F5C-84EF-B6BD768F5E4A}.Debug|Any CPU.ActiveCfg = Debug|Any CPU
		{FF6204D9-0597-4F5C-84EF-B6BD768F5E4A}.Debug|Any CPU.Build.0 = Debug|Any CPU
		{FF6204D9-0597-4F5C-84EF-B6BD768F5E4A}.Release|Any CPU.ActiveCfg = Release|Any CPU
		{FF6204D9-0597-4F5C-84EF-B6BD768F5E4A}.Release|Any CPU.Build.0 = Release|Any CPU
		{77052B03-1872-4E9F-A3E8-AC96BC82061E}.Debug|Any CPU.ActiveCfg = Debug|Any CPU
		{77052B03-1872-4E9F-A3E8-AC96BC82061E}.Debug|Any CPU.Build.0 = Debug|Any CPU
		{77052B03-1872-4E9F-A3E8-AC96BC82061E}.Release|Any CPU.ActiveCfg = Release|Any CPU
		{77052B03-1872-4E9F-A3E8-AC96BC82061E}.Release|Any CPU.Build.0 = Release|Any CPU
		{216B4DF0-0DD1-4E19-BBFC-9BAE89CB22E1}.Debug|Any CPU.ActiveCfg = Debug|Any CPU
		{216B4DF0-0DD1-4E19-BBFC-9BAE89CB22E1}.Debug|Any CPU.Build.0 = Debug|Any CPU
		{216B4DF0-0DD1-4E19-BBFC-9BAE89CB22E1}.Release|Any CPU.ActiveCfg = Release|Any CPU
		{216B4DF0-0DD1-4E19-BBFC-9BAE89CB22E1}.Release|Any CPU.Build.0 = Release|Any CPU
		{22D8C2C3-C6BA-4573-9240-407EF7BF6390}.Debug|Any CPU.ActiveCfg = Debug|Any CPU
		{22D8C2C3-C6BA-4573-9240-407EF7BF6390}.Debug|Any CPU.Build.0 = Debug|Any CPU
		{22D8C2C3-C6BA-4573-9240-407EF7BF6390}.Release|Any CPU.ActiveCfg = Release|Any CPU
		{22D8C2C3-C6BA-4573-9240-407EF7BF6390}.Release|Any CPU.Build.0 = Release|Any CPU
		{48811DF2-8AEE-4BB6-B260-41FA128E802E}.Debug|Any CPU.ActiveCfg = Debug|Any CPU
		{48811DF2-8AEE-4BB6-B260-41FA128E802E}.Debug|Any CPU.Build.0 = Debug|Any CPU
		{48811DF2-8AEE-4BB6-B260-41FA128E802E}.Release|Any CPU.ActiveCfg = Release|Any CPU
		{48811DF2-8AEE-4BB6-B260-41FA128E802E}.Release|Any CPU.Build.0 = Release|Any CPU
		{FE1EB1EE-9F0E-4766-B697-FE8F6BFA19D1}.Debug|Any CPU.ActiveCfg = Debug|Any CPU
		{FE1EB1EE-9F0E-4766-B697-FE8F6BFA19D1}.Debug|Any CPU.Build.0 = Debug|Any CPU
		{FE1EB1EE-9F0E-4766-B697-FE8F6BFA19D1}.Release|Any CPU.ActiveCfg = Release|Any CPU
		{FE1EB1EE-9F0E-4766-B697-FE8F6BFA19D1}.Release|Any CPU.Build.0 = Release|Any CPU
		{E79B6106-1D63-4A74-BBF4-658EA67286E0}.Debug|Any CPU.ActiveCfg = Debug|Any CPU
		{E79B6106-1D63-4A74-BBF4-658EA67286E0}.Debug|Any CPU.Build.0 = Debug|Any CPU
		{E79B6106-1D63-4A74-BBF4-658EA67286E0}.Release|Any CPU.ActiveCfg = Release|Any CPU
		{E79B6106-1D63-4A74-BBF4-658EA67286E0}.Release|Any CPU.Build.0 = Release|Any CPU
		{CA6A886A-7670-4C52-9794-AF00D47EC316}.Debug|Any CPU.ActiveCfg = Debug|Any CPU
		{CA6A886A-7670-4C52-9794-AF00D47EC316}.Debug|Any CPU.Build.0 = Debug|Any CPU
		{CA6A886A-7670-4C52-9794-AF00D47EC316}.Release|Any CPU.ActiveCfg = Release|Any CPU
		{CA6A886A-7670-4C52-9794-AF00D47EC316}.Release|Any CPU.Build.0 = Release|Any CPU
		{8B94B0D4-FA72-43C5-9670-48355905A752}.Debug|Any CPU.ActiveCfg = Debug|Any CPU
		{8B94B0D4-FA72-43C5-9670-48355905A752}.Debug|Any CPU.Build.0 = Debug|Any CPU
		{8B94B0D4-FA72-43C5-9670-48355905A752}.Release|Any CPU.ActiveCfg = Release|Any CPU
		{8B94B0D4-FA72-43C5-9670-48355905A752}.Release|Any CPU.Build.0 = Release|Any CPU
		{C97DB0CE-CE18-4CCF-8800-6ABCF60A266D}.Debug|Any CPU.ActiveCfg = Debug|Any CPU
		{C97DB0CE-CE18-4CCF-8800-6ABCF60A266D}.Debug|Any CPU.Build.0 = Debug|Any CPU
		{C97DB0CE-CE18-4CCF-8800-6ABCF60A266D}.Release|Any CPU.ActiveCfg = Release|Any CPU
		{C97DB0CE-CE18-4CCF-8800-6ABCF60A266D}.Release|Any CPU.Build.0 = Release|Any CPU
		{2951A808-760E-406C-8BB7-543253C89DB0}.Debug|Any CPU.ActiveCfg = Debug|Any CPU
		{2951A808-760E-406C-8BB7-543253C89DB0}.Debug|Any CPU.Build.0 = Debug|Any CPU
		{2951A808-760E-406C-8BB7-543253C89DB0}.Release|Any CPU.ActiveCfg = Release|Any CPU
		{2951A808-760E-406C-8BB7-543253C89DB0}.Release|Any CPU.Build.0 = Release|Any CPU
		{1593F16A-768B-43BF-A3AA-BE2AC39BB12E}.Debug|Any CPU.ActiveCfg = Debug|Any CPU
		{1593F16A-768B-43BF-A3AA-BE2AC39BB12E}.Debug|Any CPU.Build.0 = Debug|Any CPU
		{1593F16A-768B-43BF-A3AA-BE2AC39BB12E}.Release|Any CPU.ActiveCfg = Release|Any CPU
		{1593F16A-768B-43BF-A3AA-BE2AC39BB12E}.Release|Any CPU.Build.0 = Release|Any CPU
		{2408B3FF-2888-478C-9F2D-E00C2A93ADAB}.Debug|Any CPU.ActiveCfg = Debug|Any CPU
		{2408B3FF-2888-478C-9F2D-E00C2A93ADAB}.Debug|Any CPU.Build.0 = Debug|Any CPU
		{2408B3FF-2888-478C-9F2D-E00C2A93ADAB}.Release|Any CPU.ActiveCfg = Release|Any CPU
		{2408B3FF-2888-478C-9F2D-E00C2A93ADAB}.Release|Any CPU.Build.0 = Release|Any CPU
		{695100ED-2D9F-4C27-99A2-58E6C8AA9641}.Debug|Any CPU.ActiveCfg = Debug|Any CPU
		{695100ED-2D9F-4C27-99A2-58E6C8AA9641}.Debug|Any CPU.Build.0 = Debug|Any CPU
		{695100ED-2D9F-4C27-99A2-58E6C8AA9641}.Release|Any CPU.ActiveCfg = Release|Any CPU
		{695100ED-2D9F-4C27-99A2-58E6C8AA9641}.Release|Any CPU.Build.0 = Release|Any CPU
		{473A3688-7C4A-4A72-980A-6FCC75BCC51B}.Debug|Any CPU.ActiveCfg = Debug|Any CPU
		{473A3688-7C4A-4A72-980A-6FCC75BCC51B}.Debug|Any CPU.Build.0 = Debug|Any CPU
		{473A3688-7C4A-4A72-980A-6FCC75BCC51B}.Release|Any CPU.ActiveCfg = Release|Any CPU
		{473A3688-7C4A-4A72-980A-6FCC75BCC51B}.Release|Any CPU.Build.0 = Release|Any CPU
		{41E6DA14-19C3-493F-80BE-DE82076878D2}.Debug|Any CPU.ActiveCfg = Debug|Any CPU
		{41E6DA14-19C3-493F-80BE-DE82076878D2}.Debug|Any CPU.Build.0 = Debug|Any CPU
		{41E6DA14-19C3-493F-80BE-DE82076878D2}.Release|Any CPU.ActiveCfg = Release|Any CPU
		{41E6DA14-19C3-493F-80BE-DE82076878D2}.Release|Any CPU.Build.0 = Release|Any CPU
		{FF09BC57-D0A9-4D39-80B0-9A2BA810B3C3}.Debug|Any CPU.ActiveCfg = Debug|Any CPU
		{FF09BC57-D0A9-4D39-80B0-9A2BA810B3C3}.Debug|Any CPU.Build.0 = Debug|Any CPU
		{FF09BC57-D0A9-4D39-80B0-9A2BA810B3C3}.Release|Any CPU.ActiveCfg = Release|Any CPU
		{FF09BC57-D0A9-4D39-80B0-9A2BA810B3C3}.Release|Any CPU.Build.0 = Release|Any CPU
		{2CC3A060-35B5-4D32-A87A-8ED80F4C96ED}.Debug|Any CPU.ActiveCfg = Debug|Any CPU
		{2CC3A060-35B5-4D32-A87A-8ED80F4C96ED}.Debug|Any CPU.Build.0 = Debug|Any CPU
		{2CC3A060-35B5-4D32-A87A-8ED80F4C96ED}.Release|Any CPU.ActiveCfg = Release|Any CPU
		{2CC3A060-35B5-4D32-A87A-8ED80F4C96ED}.Release|Any CPU.Build.0 = Release|Any CPU
		{0C1DA62C-7A1A-4A0E-B108-6A19D7415533}.Debug|Any CPU.ActiveCfg = Debug|Any CPU
		{0C1DA62C-7A1A-4A0E-B108-6A19D7415533}.Debug|Any CPU.Build.0 = Debug|Any CPU
		{0C1DA62C-7A1A-4A0E-B108-6A19D7415533}.Release|Any CPU.ActiveCfg = Release|Any CPU
		{0C1DA62C-7A1A-4A0E-B108-6A19D7415533}.Release|Any CPU.Build.0 = Release|Any CPU
	EndGlobalSection
	GlobalSection(SolutionProperties) = preSolution
		HideSolutionNode = FALSE
	EndGlobalSection
	GlobalSection(ExtensibilityGlobals) = postSolution
		SolutionGuid = {1C2D7836-58B3-43F4-A05C-44349DF1E186}
	EndGlobalSection
EndGlobal
