
Microsoft Visual Studio Solution File, Format Version 12.00
# Visual Studio Version 17
VisualStudioVersion = 17.8.34330.188
MinimumVisualStudioVersion = 10.0.40219.1
Project("{9A19103F-16F7-4668-BE54-9A1E7A4F7556}") = "01_Algoritma", "01_Algoritma\01_Algoritma.csproj", "{4F0BD72B-04C4-4844-8D52-837E8C806396}"
EndProject
Project("{9A19103F-16F7-4668-BE54-9A1E7A4F7556}") = "02_Degisken_Veritipleri", "02_Degisken_Veritipleri\02_Degisken_Veritipleri.csproj", "{5CA25D0C-9B14-459F-AE33-8CA2B98947B9}"
EndProject
Project("{9A19103F-16F7-4668-BE54-9A1E7A4F7556}") = "03_Operatorler", "03_Operatorler,\03_Operatorler.csproj", "{CA9D7C5F-2A16-4F84-9D92-77E2024B668C}"
EndProject
Project("{9A19103F-16F7-4668-BE54-9A1E7A4F7556}") = "04_TurDonusumleri", "04_TurDonusumleri\04_TurDonusumleri.csproj", "{0A00B5AB-8246-4EBB-80C6-80467AE57D3D}"
EndProject
Project("{9A19103F-16F7-4668-BE54-9A1E7A4F7556}") = "05_If_ElseIf_Else_1", "05_If_ElseIf_Else_1\05_If_ElseIf_Else_1.csproj", "{DB44FADA-ABBA-4540-B498-BDAD9125F30F}"
EndProject
Project("{9A19103F-16F7-4668-BE54-9A1E7A4F7556}") = "06_Switch_Case", "06_Switch_Case\06_Switch_Case.csproj", "{5C772672-F203-49C4-AB69-815669260905}"
EndProject
Project("{9A19103F-16F7-4668-BE54-9A1E7A4F7556}") = "07_While_Loop", "07_While_Loop\07_While_Loop.csproj", "{BD7808C1-227C-4438-9D83-D6181B102497}"
EndProject
Project("{9A19103F-16F7-4668-BE54-9A1E7A4F7556}") = "07_For_Loop", "07_For_Loop\07_For_Loop.csproj", "{12B0B520-EBAA-4697-8430-DE30D4EE643A}"
EndProject
Project("{9A19103F-16F7-4668-BE54-9A1E7A4F7556}") = "07_DoWhile_Loop", "07_DoWhile_Loop\07_DoWhile_Loop.csproj", "{173EA3D7-8948-452A-A2C7-A7088511E465}"
EndProject
Project("{9A19103F-16F7-4668-BE54-9A1E7A4F7556}") = "08_Try_Catch", "08_Try_Catch\08_Try_Catch.csproj", "{13ACE524-5AAA-4B47-B35F-6852A7EFB56C}"
EndProject
Project("{9A19103F-16F7-4668-BE54-9A1E7A4F7556}") = "09_Bankamatik", "09_Bankamatik\09_Bankamatik.csproj", "{4D37B164-2BD3-4C05-BCE2-6BBAFB2D003C}"
EndProject
Project("{9A19103F-16F7-4668-BE54-9A1E7A4F7556}") = "10_Arrays", "10_Arrays\10_Arrays.csproj", "{9ACD3248-888D-4D34-8643-0279336D6E92}"
EndProject
Project("{FAE04EC0-301F-11D3-BF4B-00C04F79EFBC}") = "11_Otomat_Makinesi", "11_Otomat_Makinesi\11_Otomat_Makinesi.csproj", "{C270D2A6-0415-4621-B1BC-8E6E6FAC966B}"
EndProject
Global
	GlobalSection(SolutionConfigurationPlatforms) = preSolution
		Debug|Any CPU = Debug|Any CPU
		Release|Any CPU = Release|Any CPU
	EndGlobalSection
	GlobalSection(ProjectConfigurationPlatforms) = postSolution
		{4F0BD72B-04C4-4844-8D52-837E8C806396}.Debug|Any CPU.ActiveCfg = Debug|Any CPU
		{4F0BD72B-04C4-4844-8D52-837E8C806396}.Debug|Any CPU.Build.0 = Debug|Any CPU
		{4F0BD72B-04C4-4844-8D52-837E8C806396}.Release|Any CPU.ActiveCfg = Release|Any CPU
		{4F0BD72B-04C4-4844-8D52-837E8C806396}.Release|Any CPU.Build.0 = Release|Any CPU
		{5CA25D0C-9B14-459F-AE33-8CA2B98947B9}.Debug|Any CPU.ActiveCfg = Debug|Any CPU
		{5CA25D0C-9B14-459F-AE33-8CA2B98947B9}.Debug|Any CPU.Build.0 = Debug|Any CPU
		{5CA25D0C-9B14-459F-AE33-8CA2B98947B9}.Release|Any CPU.ActiveCfg = Release|Any CPU
		{5CA25D0C-9B14-459F-AE33-8CA2B98947B9}.Release|Any CPU.Build.0 = Release|Any CPU
		{CA9D7C5F-2A16-4F84-9D92-77E2024B668C}.Debug|Any CPU.ActiveCfg = Debug|Any CPU
		{CA9D7C5F-2A16-4F84-9D92-77E2024B668C}.Debug|Any CPU.Build.0 = Debug|Any CPU
		{CA9D7C5F-2A16-4F84-9D92-77E2024B668C}.Release|Any CPU.ActiveCfg = Release|Any CPU
		{CA9D7C5F-2A16-4F84-9D92-77E2024B668C}.Release|Any CPU.Build.0 = Release|Any CPU
		{0A00B5AB-8246-4EBB-80C6-80467AE57D3D}.Debug|Any CPU.ActiveCfg = Debug|Any CPU
		{0A00B5AB-8246-4EBB-80C6-80467AE57D3D}.Debug|Any CPU.Build.0 = Debug|Any CPU
		{0A00B5AB-8246-4EBB-80C6-80467AE57D3D}.Release|Any CPU.ActiveCfg = Release|Any CPU
		{0A00B5AB-8246-4EBB-80C6-80467AE57D3D}.Release|Any CPU.Build.0 = Release|Any CPU
		{DB44FADA-ABBA-4540-B498-BDAD9125F30F}.Debug|Any CPU.ActiveCfg = Debug|Any CPU
		{DB44FADA-ABBA-4540-B498-BDAD9125F30F}.Debug|Any CPU.Build.0 = Debug|Any CPU
		{DB44FADA-ABBA-4540-B498-BDAD9125F30F}.Release|Any CPU.ActiveCfg = Release|Any CPU
		{DB44FADA-ABBA-4540-B498-BDAD9125F30F}.Release|Any CPU.Build.0 = Release|Any CPU
		{5C772672-F203-49C4-AB69-815669260905}.Debug|Any CPU.ActiveCfg = Debug|Any CPU
		{5C772672-F203-49C4-AB69-815669260905}.Debug|Any CPU.Build.0 = Debug|Any CPU
		{5C772672-F203-49C4-AB69-815669260905}.Release|Any CPU.ActiveCfg = Release|Any CPU
		{5C772672-F203-49C4-AB69-815669260905}.Release|Any CPU.Build.0 = Release|Any CPU
		{BD7808C1-227C-4438-9D83-D6181B102497}.Debug|Any CPU.ActiveCfg = Debug|Any CPU
		{BD7808C1-227C-4438-9D83-D6181B102497}.Debug|Any CPU.Build.0 = Debug|Any CPU
		{BD7808C1-227C-4438-9D83-D6181B102497}.Release|Any CPU.ActiveCfg = Release|Any CPU
		{BD7808C1-227C-4438-9D83-D6181B102497}.Release|Any CPU.Build.0 = Release|Any CPU
		{12B0B520-EBAA-4697-8430-DE30D4EE643A}.Debug|Any CPU.ActiveCfg = Debug|Any CPU
		{12B0B520-EBAA-4697-8430-DE30D4EE643A}.Debug|Any CPU.Build.0 = Debug|Any CPU
		{12B0B520-EBAA-4697-8430-DE30D4EE643A}.Release|Any CPU.ActiveCfg = Release|Any CPU
		{12B0B520-EBAA-4697-8430-DE30D4EE643A}.Release|Any CPU.Build.0 = Release|Any CPU
		{173EA3D7-8948-452A-A2C7-A7088511E465}.Debug|Any CPU.ActiveCfg = Debug|Any CPU
		{173EA3D7-8948-452A-A2C7-A7088511E465}.Debug|Any CPU.Build.0 = Debug|Any CPU
		{173EA3D7-8948-452A-A2C7-A7088511E465}.Release|Any CPU.ActiveCfg = Release|Any CPU
		{173EA3D7-8948-452A-A2C7-A7088511E465}.Release|Any CPU.Build.0 = Release|Any CPU
		{13ACE524-5AAA-4B47-B35F-6852A7EFB56C}.Debug|Any CPU.ActiveCfg = Debug|Any CPU
		{13ACE524-5AAA-4B47-B35F-6852A7EFB56C}.Debug|Any CPU.Build.0 = Debug|Any CPU
		{13ACE524-5AAA-4B47-B35F-6852A7EFB56C}.Release|Any CPU.ActiveCfg = Release|Any CPU
		{13ACE524-5AAA-4B47-B35F-6852A7EFB56C}.Release|Any CPU.Build.0 = Release|Any CPU
		{4D37B164-2BD3-4C05-BCE2-6BBAFB2D003C}.Debug|Any CPU.ActiveCfg = Debug|Any CPU
		{4D37B164-2BD3-4C05-BCE2-6BBAFB2D003C}.Debug|Any CPU.Build.0 = Debug|Any CPU
		{4D37B164-2BD3-4C05-BCE2-6BBAFB2D003C}.Release|Any CPU.ActiveCfg = Release|Any CPU
		{4D37B164-2BD3-4C05-BCE2-6BBAFB2D003C}.Release|Any CPU.Build.0 = Release|Any CPU
		{9ACD3248-888D-4D34-8643-0279336D6E92}.Debug|Any CPU.ActiveCfg = Debug|Any CPU
		{9ACD3248-888D-4D34-8643-0279336D6E92}.Debug|Any CPU.Build.0 = Debug|Any CPU
		{9ACD3248-888D-4D34-8643-0279336D6E92}.Release|Any CPU.ActiveCfg = Release|Any CPU
		{9ACD3248-888D-4D34-8643-0279336D6E92}.Release|Any CPU.Build.0 = Release|Any CPU
		{C270D2A6-0415-4621-B1BC-8E6E6FAC966B}.Debug|Any CPU.ActiveCfg = Debug|Any CPU
		{C270D2A6-0415-4621-B1BC-8E6E6FAC966B}.Debug|Any CPU.Build.0 = Debug|Any CPU
		{C270D2A6-0415-4621-B1BC-8E6E6FAC966B}.Release|Any CPU.ActiveCfg = Release|Any CPU
		{C270D2A6-0415-4621-B1BC-8E6E6FAC966B}.Release|Any CPU.Build.0 = Release|Any CPU
	EndGlobalSection
	GlobalSection(SolutionProperties) = preSolution
		HideSolutionNode = FALSE
	EndGlobalSection
	GlobalSection(ExtensibilityGlobals) = postSolution
		SolutionGuid = {1C2D7836-58B3-43F4-A05C-44349DF1E186}
	EndGlobalSection
EndGlobal
