
Microsoft Visual Studio Solution File, Format Version 12.00
# Visual Studio Version 17
VisualStudioVersion = 17.8.34330.188
MinimumVisualStudioVersion = 10.0.40219.1
Project("{9A19103F-16F7-4668-BE54-9A1E7A4F7556}") = "Ado.Net_1", "Ado.Net_1\Ado.Net_1.csproj", "{5E19BF16-13B2-4370-8168-9B14C84821FA}"
EndProject
Project("{9A19103F-16F7-4668-BE54-9A1E7A4F7556}") = "Ado.Net_2_ExecuteNonQuery", "Ado.Net_2_ExecuteNonQuery\Ado.Net_2_ExecuteNonQuery.csproj", "{79D0890C-2734-41A2-A2D6-0C48BC49BDA0}"
EndProject
Project("{9A19103F-16F7-4668-BE54-9A1E7A4F7556}") = "Ado.Net_2_WinForm", "Ado.Net_2_WinForm\Ado.Net_2_WinForm.csproj", "{EC21F16F-B37A-45D7-8C18-8C158D927EA9}"
EndProject
Project("{9A19103F-16F7-4668-BE54-9A1E7A4F7556}") = "Ado.Net_3_ExecuteReader", "Ado.Net_3_ExecuteReader\Ado.Net_3_ExecuteReader.csproj", "{5A44D6D5-045A-4D5F-8989-5559DBDEEADA}"
EndProject
Project("{9A19103F-16F7-4668-BE54-9A1E7A4F7556}") = "Ado.Net_4_UrunPaneli", "Ado.Net_4_UrunPaneli\Ado.Net_4_UrunPaneli.csproj", "{E0E4F892-AA57-433D-87A0-3280CEBF5850}"
EndProject
Project("{FAE04EC0-301F-11D3-BF4B-00C04F79EFBC}") = "Ado.Net_5_PersonelUygulamasi", "Ado.Net_5_PersonelUygulamasi\Ado.Net_5_PersonelUygulamasi.csproj", "{645CE391-EC5B-4222-9A84-A356D93168A3}"
EndProject
Global
	GlobalSection(SolutionConfigurationPlatforms) = preSolution
		Debug|Any CPU = Debug|Any CPU
		Release|Any CPU = Release|Any CPU
	EndGlobalSection
	GlobalSection(ProjectConfigurationPlatforms) = postSolution
		{5E19BF16-13B2-4370-8168-9B14C84821FA}.Debug|Any CPU.ActiveCfg = Debug|Any CPU
		{5E19BF16-13B2-4370-8168-9B14C84821FA}.Debug|Any CPU.Build.0 = Debug|Any CPU
		{5E19BF16-13B2-4370-8168-9B14C84821FA}.Release|Any CPU.ActiveCfg = Release|Any CPU
		{5E19BF16-13B2-4370-8168-9B14C84821FA}.Release|Any CPU.Build.0 = Release|Any CPU
		{79D0890C-2734-41A2-A2D6-0C48BC49BDA0}.Debug|Any CPU.ActiveCfg = Debug|Any CPU
		{79D0890C-2734-41A2-A2D6-0C48BC49BDA0}.Debug|Any CPU.Build.0 = Debug|Any CPU
		{79D0890C-2734-41A2-A2D6-0C48BC49BDA0}.Release|Any CPU.ActiveCfg = Release|Any CPU
		{79D0890C-2734-41A2-A2D6-0C48BC49BDA0}.Release|Any CPU.Build.0 = Release|Any CPU
		{EC21F16F-B37A-45D7-8C18-8C158D927EA9}.Debug|Any CPU.ActiveCfg = Debug|Any CPU
		{EC21F16F-B37A-45D7-8C18-8C158D927EA9}.Debug|Any CPU.Build.0 = Debug|Any CPU
		{EC21F16F-B37A-45D7-8C18-8C158D927EA9}.Release|Any CPU.ActiveCfg = Release|Any CPU
		{EC21F16F-B37A-45D7-8C18-8C158D927EA9}.Release|Any CPU.Build.0 = Release|Any CPU
		{5A44D6D5-045A-4D5F-8989-5559DBDEEADA}.Debug|Any CPU.ActiveCfg = Debug|Any CPU
		{5A44D6D5-045A-4D5F-8989-5559DBDEEADA}.Debug|Any CPU.Build.0 = Debug|Any CPU
		{5A44D6D5-045A-4D5F-8989-5559DBDEEADA}.Release|Any CPU.ActiveCfg = Release|Any CPU
		{5A44D6D5-045A-4D5F-8989-5559DBDEEADA}.Release|Any CPU.Build.0 = Release|Any CPU
		{E0E4F892-AA57-433D-87A0-3280CEBF5850}.Debug|Any CPU.ActiveCfg = Debug|Any CPU
		{E0E4F892-AA57-433D-87A0-3280CEBF5850}.Debug|Any CPU.Build.0 = Debug|Any CPU
		{E0E4F892-AA57-433D-87A0-3280CEBF5850}.Release|Any CPU.ActiveCfg = Release|Any CPU
		{E0E4F892-AA57-433D-87A0-3280CEBF5850}.Release|Any CPU.Build.0 = Release|Any CPU
		{645CE391-EC5B-4222-9A84-A356D93168A3}.Debug|Any CPU.ActiveCfg = Debug|Any CPU
		{645CE391-EC5B-4222-9A84-A356D93168A3}.Debug|Any CPU.Build.0 = Debug|Any CPU
		{645CE391-EC5B-4222-9A84-A356D93168A3}.Release|Any CPU.ActiveCfg = Release|Any CPU
		{645CE391-EC5B-4222-9A84-A356D93168A3}.Release|Any CPU.Build.0 = Release|Any CPU
	EndGlobalSection
	GlobalSection(SolutionProperties) = preSolution
		HideSolutionNode = FALSE
	EndGlobalSection
	GlobalSection(ExtensibilityGlobals) = postSolution
		SolutionGuid = {C0E4262E-FD4B-483E-8A51-5AA143C2BF9E}
	EndGlobalSection
EndGlobal
